
Microsoft Visual Studio Solution File, Format Version 11.00
# Visual Studio 2010
Project("{F184B08F-C81C-45F6-A57F-5ABD9991F28F}") = "CustomMapping.Catalog", "CustomMapping\CustomMapping.Catalog\CustomMapping.Catalog.vbproj", "{8ED7050B-BEF8-41AB-8F65-CCBEE8036056}"
EndProject
Project("{F184B08F-C81C-45F6-A57F-5ABD9991F28F}") = "CustomMapping.UIModel", "CustomMapping\CustomMapping.UIModel\CustomMapping.UIModel.vbproj", "{C8EB5543-EE1D-49A7-88A3-316BDBE4F879}"
EndProject
Global
	GlobalSection(SolutionConfigurationPlatforms) = preSolution
		Debug|Any CPU = Debug|Any CPU
		Release|Any CPU = Release|Any CPU
	EndGlobalSection
	GlobalSection(ProjectConfigurationPlatforms) = postSolution
		{8ED7050B-BEF8-41AB-8F65-CCBEE8036056}.Debug|Any CPU.ActiveCfg = Debug|Any CPU
		{8ED7050B-BEF8-41AB-8F65-CCBEE8036056}.Debug|Any CPU.Build.0 = Debug|Any CPU
		{8ED7050B-BEF8-41AB-8F65-CCBEE8036056}.Release|Any CPU.ActiveCfg = Release|Any CPU
		{8ED7050B-BEF8-41AB-8F65-CCBEE8036056}.Release|Any CPU.Build.0 = Release|Any CPU
		{C8EB5543-EE1D-49A7-88A3-316BDBE4F879}.Debug|Any CPU.ActiveCfg = Debug|Any CPU
		{C8EB5543-EE1D-49A7-88A3-316BDBE4F879}.Debug|Any CPU.Build.0 = Debug|Any CPU
		{C8EB5543-EE1D-49A7-88A3-316BDBE4F879}.Release|Any CPU.ActiveCfg = Release|Any CPU
		{C8EB5543-EE1D-49A7-88A3-316BDBE4F879}.Release|Any CPU.Build.0 = Release|Any CPU
	EndGlobalSection
	GlobalSection(SolutionProperties) = preSolution
		HideSolutionNode = FALSE
	EndGlobalSection
EndGlobal
